// !$*UTF8*$!
{
	archiveVersion = 1;
	classes = {
	};
	objectVersion = 55;
	objects = {

/* Begin PBXBuildFile section */
		990E0B91294994210079235B /* VehicleListViewController.swift in Sources */ = {isa = PBXBuildFile; fileRef = 990E0B90294994210079235B /* VehicleListViewController.swift */; };
		990E0B93294994370079235B /* VehicleDetailsViewController.swift in Sources */ = {isa = PBXBuildFile; fileRef = 990E0B92294994370079235B /* VehicleDetailsViewController.swift */; };
		990E0B962949945D0079235B /* VehicleViewModel.swift in Sources */ = {isa = PBXBuildFile; fileRef = 990E0B952949945D0079235B /* VehicleViewModel.swift */; };
		990E0B98294994800079235B /* Vehicle.swift in Sources */ = {isa = PBXBuildFile; fileRef = 990E0B97294994800079235B /* Vehicle.swift */; };
		990E0B9B294995230079235B /* VehicleListTableViewCell.swift in Sources */ = {isa = PBXBuildFile; fileRef = 990E0B9A294995230079235B /* VehicleListTableViewCell.swift */; };
		99251520294FFF54000497F2 /* Validation.swift in Sources */ = {isa = PBXBuildFile; fileRef = 9925151F294FFF54000497F2 /* Validation.swift */; };
		9949D6612948E4B800907F64 /* AppDelegate.swift in Sources */ = {isa = PBXBuildFile; fileRef = 9949D6602948E4B800907F64 /* AppDelegate.swift */; };
		9949D6632948E4B800907F64 /* SceneDelegate.swift in Sources */ = {isa = PBXBuildFile; fileRef = 9949D6622948E4B800907F64 /* SceneDelegate.swift */; };
		9949D6682948E4B800907F64 /* Main.storyboard in Resources */ = {isa = PBXBuildFile; fileRef = 9949D6662948E4B800907F64 /* Main.storyboard */; };
		9949D66A2948E4BC00907F64 /* Assets.xcassets in Resources */ = {isa = PBXBuildFile; fileRef = 9949D6692948E4BC00907F64 /* Assets.xcassets */; };
		9949D66D2948E4BC00907F64 /* LaunchScreen.storyboard in Resources */ = {isa = PBXBuildFile; fileRef = 9949D66B2948E4BC00907F64 /* LaunchScreen.storyboard */; };
		9949D6782948E4BC00907F64 /* RidesTests.swift in Sources */ = {isa = PBXBuildFile; fileRef = 9949D6772948E4BC00907F64 /* RidesTests.swift */; };
		9949D6822948E4BC00907F64 /* RidesUITests.swift in Sources */ = {isa = PBXBuildFile; fileRef = 9949D6812948E4BC00907F64 /* RidesUITests.swift */; };
		9949D6842948E4BC00907F64 /* RidesUITestsLaunchTests.swift in Sources */ = {isa = PBXBuildFile; fileRef = 9949D6832948E4BC00907F64 /* RidesUITestsLaunchTests.swift */; };
		99A33B23294A1BE100BC8C2A /* Color.swift in Sources */ = {isa = PBXBuildFile; fileRef = 99A33B22294A1BE100BC8C2A /* Color.swift */; };
		99B16927294F682D004949C2 /* VehicleDetailsCollectionViewCell.swift in Sources */ = {isa = PBXBuildFile; fileRef = 99B16926294F682D004949C2 /* VehicleDetailsCollectionViewCell.swift */; };
		99B16929294F684C004949C2 /* VehicleCarbonEmissionCollectionViewCell.swift in Sources */ = {isa = PBXBuildFile; fileRef = 99B16928294F684C004949C2 /* VehicleCarbonEmissionCollectionViewCell.swift */; };
/* End PBXBuildFile section */

/* Begin PBXContainerItemProxy section */
		9949D6742948E4BC00907F64 /* PBXContainerItemProxy */ = {
			isa = PBXContainerItemProxy;
			containerPortal = 9949D6552948E4B800907F64 /* Project object */;
			proxyType = 1;
			remoteGlobalIDString = 9949D65C2948E4B800907F64;
			remoteInfo = Rides;
		};
		9949D67E2948E4BC00907F64 /* PBXContainerItemProxy */ = {
			isa = PBXContainerItemProxy;
			containerPortal = 9949D6552948E4B800907F64 /* Project object */;
			proxyType = 1;
			remoteGlobalIDString = 9949D65C2948E4B800907F64;
			remoteInfo = Rides;
		};
/* End PBXContainerItemProxy section */

/* Begin PBXFileReference section */
		990E0B90294994210079235B /* VehicleListViewController.swift */ = {isa = PBXFileReference; lastKnownFileType = sourcecode.swift; path = VehicleListViewController.swift; sourceTree = "<group>"; };
		990E0B92294994370079235B /* VehicleDetailsViewController.swift */ = {isa = PBXFileReference; lastKnownFileType = sourcecode.swift; path = VehicleDetailsViewController.swift; sourceTree = "<group>"; };
		990E0B952949945D0079235B /* VehicleViewModel.swift */ = {isa = PBXFileReference; lastKnownFileType = sourcecode.swift; path = VehicleViewModel.swift; sourceTree = "<group>"; };
		990E0B97294994800079235B /* Vehicle.swift */ = {isa = PBXFileReference; lastKnownFileType = sourcecode.swift; path = Vehicle.swift; sourceTree = "<group>"; };
		990E0B9A294995230079235B /* VehicleListTableViewCell.swift */ = {isa = PBXFileReference; lastKnownFileType = sourcecode.swift; path = VehicleListTableViewCell.swift; sourceTree = "<group>"; };
		9925151F294FFF54000497F2 /* Validation.swift */ = {isa = PBXFileReference; fileEncoding = 4; lastKnownFileType = sourcecode.swift; path = Validation.swift; sourceTree = "<group>"; };
		9949D65D2948E4B800907F64 /* Rides.app */ = {isa = PBXFileReference; explicitFileType = wrapper.application; includeInIndex = 0; path = Rides.app; sourceTree = BUILT_PRODUCTS_DIR; };
		9949D6602948E4B800907F64 /* AppDelegate.swift */ = {isa = PBXFileReference; lastKnownFileType = sourcecode.swift; path = AppDelegate.swift; sourceTree = "<group>"; };
		9949D6622948E4B800907F64 /* SceneDelegate.swift */ = {isa = PBXFileReference; lastKnownFileType = sourcecode.swift; path = SceneDelegate.swift; sourceTree = "<group>"; };
		9949D6672948E4B800907F64 /* Base */ = {isa = PBXFileReference; lastKnownFileType = file.storyboard; name = Base; path = Base.lproj/Main.storyboard; sourceTree = "<group>"; };
		9949D6692948E4BC00907F64 /* Assets.xcassets */ = {isa = PBXFileReference; lastKnownFileType = folder.assetcatalog; path = Assets.xcassets; sourceTree = "<group>"; };
		9949D66C2948E4BC00907F64 /* Base */ = {isa = PBXFileReference; lastKnownFileType = file.storyboard; name = Base; path = Base.lproj/LaunchScreen.storyboard; sourceTree = "<group>"; };
		9949D66E2948E4BC00907F64 /* Info.plist */ = {isa = PBXFileReference; lastKnownFileType = text.plist.xml; path = Info.plist; sourceTree = "<group>"; };
		9949D6732948E4BC00907F64 /* RidesTests.xctest */ = {isa = PBXFileReference; explicitFileType = wrapper.cfbundle; includeInIndex = 0; path = RidesTests.xctest; sourceTree = BUILT_PRODUCTS_DIR; };
		9949D6772948E4BC00907F64 /* RidesTests.swift */ = {isa = PBXFileReference; lastKnownFileType = sourcecode.swift; path = RidesTests.swift; sourceTree = "<group>"; };
		9949D67D2948E4BC00907F64 /* RidesUITests.xctest */ = {isa = PBXFileReference; explicitFileType = wrapper.cfbundle; includeInIndex = 0; path = RidesUITests.xctest; sourceTree = BUILT_PRODUCTS_DIR; };
		9949D6812948E4BC00907F64 /* RidesUITests.swift */ = {isa = PBXFileReference; lastKnownFileType = sourcecode.swift; path = RidesUITests.swift; sourceTree = "<group>"; };
		9949D6832948E4BC00907F64 /* RidesUITestsLaunchTests.swift */ = {isa = PBXFileReference; lastKnownFileType = sourcecode.swift; path = RidesUITestsLaunchTests.swift; sourceTree = "<group>"; };
		99A33B22294A1BE100BC8C2A /* Color.swift */ = {isa = PBXFileReference; lastKnownFileType = sourcecode.swift; path = Color.swift; sourceTree = "<group>"; };
		99B16926294F682D004949C2 /* VehicleDetailsCollectionViewCell.swift */ = {isa = PBXFileReference; lastKnownFileType = sourcecode.swift; path = VehicleDetailsCollectionViewCell.swift; sourceTree = "<group>"; };
		99B16928294F684C004949C2 /* VehicleCarbonEmissionCollectionViewCell.swift */ = {isa = PBXFileReference; lastKnownFileType = sourcecode.swift; path = VehicleCarbonEmissionCollectionViewCell.swift; sourceTree = "<group>"; };
/* End PBXFileReference section */

/* Begin PBXFrameworksBuildPhase section */
		9949D65A2948E4B800907F64 /* Frameworks */ = {
			isa = PBXFrameworksBuildPhase;
			buildActionMask = 2147483647;
			files = (
			);
			runOnlyForDeploymentPostprocessing = 0;
		};
		9949D6702948E4BC00907F64 /* Frameworks */ = {
			isa = PBXFrameworksBuildPhase;
			buildActionMask = 2147483647;
			files = (
			);
			runOnlyForDeploymentPostprocessing = 0;
		};
		9949D67A2948E4BC00907F64 /* Frameworks */ = {
			isa = PBXFrameworksBuildPhase;
			buildActionMask = 2147483647;
			files = (
			);
			runOnlyForDeploymentPostprocessing = 0;
		};
/* End PBXFrameworksBuildPhase section */

/* Begin PBXGroup section */
		990E0B94294994410079235B /* View Model */ = {
			isa = PBXGroup;
			children = (
				990E0B952949945D0079235B /* VehicleViewModel.swift */,
			);
			path = "View Model";
			sourceTree = "<group>";
		};
		990E0B99294995040079235B /* Vehicle List */ = {
			isa = PBXGroup;
			children = (
				990E0B90294994210079235B /* VehicleListViewController.swift */,
				990E0B9A294995230079235B /* VehicleListTableViewCell.swift */,
			);
			path = "Vehicle List";
			sourceTree = "<group>";
		};
		9925151E294FFF44000497F2 /* Validation */ = {
			isa = PBXGroup;
			children = (
				9925151F294FFF54000497F2 /* Validation.swift */,
			);
			path = Validation;
			sourceTree = "<group>";
		};
		9949D6542948E4B800907F64 = {
			isa = PBXGroup;
			children = (
				9949D65F2948E4B800907F64 /* Rides */,
				9949D6762948E4BC00907F64 /* RidesTests */,
				9949D6802948E4BC00907F64 /* RidesUITests */,
				9949D65E2948E4B800907F64 /* Products */,
			);
			sourceTree = "<group>";
		};
		9949D65E2948E4B800907F64 /* Products */ = {
			isa = PBXGroup;
			children = (
				9949D65D2948E4B800907F64 /* Rides.app */,
				9949D6732948E4BC00907F64 /* RidesTests.xctest */,
				9949D67D2948E4BC00907F64 /* RidesUITests.xctest */,
			);
			name = Products;
			sourceTree = "<group>";
		};
		9949D65F2948E4B800907F64 /* Rides */ = {
			isa = PBXGroup;
			children = (
				9925151E294FFF44000497F2 /* Validation */,
				99A33B21294A1BD000BC8C2A /* Extensions */,
				990E0B99294995040079235B /* Vehicle List */,
				99B16925294F67FE004949C2 /* Vehicle Data Controller */,
				990E0B94294994410079235B /* View Model */,
				990E0B97294994800079235B /* Vehicle.swift */,
				9949D6602948E4B800907F64 /* AppDelegate.swift */,
				9949D6622948E4B800907F64 /* SceneDelegate.swift */,
				9949D6662948E4B800907F64 /* Main.storyboard */,
				9949D6692948E4BC00907F64 /* Assets.xcassets */,
				9949D66B2948E4BC00907F64 /* LaunchScreen.storyboard */,
				9949D66E2948E4BC00907F64 /* Info.plist */,
			);
			path = Rides;
			sourceTree = "<group>";
		};
		9949D6762948E4BC00907F64 /* RidesTests */ = {
			isa = PBXGroup;
			children = (
				9949D6772948E4BC00907F64 /* RidesTests.swift */,
			);
			path = RidesTests;
			sourceTree = "<group>";
		};
		9949D6802948E4BC00907F64 /* RidesUITests */ = {
			isa = PBXGroup;
			children = (
				9949D6812948E4BC00907F64 /* RidesUITests.swift */,
				9949D6832948E4BC00907F64 /* RidesUITestsLaunchTests.swift */,
			);
			path = RidesUITests;
			sourceTree = "<group>";
		};
		99A33B21294A1BD000BC8C2A /* Extensions */ = {
			isa = PBXGroup;
			children = (
				99A33B22294A1BE100BC8C2A /* Color.swift */,
			);
			path = Extensions;
			sourceTree = "<group>";
		};
		99B16925294F67FE004949C2 /* Vehicle Data Controller */ = {
			isa = PBXGroup;
			children = (
				990E0B92294994370079235B /* VehicleDetailsViewController.swift */,
				99B16926294F682D004949C2 /* VehicleDetailsCollectionViewCell.swift */,
				99B16928294F684C004949C2 /* VehicleCarbonEmissionCollectionViewCell.swift */,
			);
			path = "Vehicle Data Controller";
			sourceTree = "<group>";
		};
/* End PBXGroup section */

/* Begin PBXNativeTarget section */
		9949D65C2948E4B800907F64 /* Rides */ = {
			isa = PBXNativeTarget;
			buildConfigurationList = 9949D6872948E4BC00907F64 /* Build configuration list for PBXNativeTarget "Rides" */;
			buildPhases = (
				9949D6592948E4B800907F64 /* Sources */,
				9949D65A2948E4B800907F64 /* Frameworks */,
				9949D65B2948E4B800907F64 /* Resources */,
			);
			buildRules = (
			);
			dependencies = (
			);
			name = Rides;
			productName = Rides;
			productReference = 9949D65D2948E4B800907F64 /* Rides.app */;
			productType = "com.apple.product-type.application";
		};
		9949D6722948E4BC00907F64 /* RidesTests */ = {
			isa = PBXNativeTarget;
			buildConfigurationList = 9949D68A2948E4BC00907F64 /* Build configuration list for PBXNativeTarget "RidesTests" */;
			buildPhases = (
				9949D66F2948E4BC00907F64 /* Sources */,
				9949D6702948E4BC00907F64 /* Frameworks */,
				9949D6712948E4BC00907F64 /* Resources */,
			);
			buildRules = (
			);
			dependencies = (
				9949D6752948E4BC00907F64 /* PBXTargetDependency */,
			);
			name = RidesTests;
			productName = RidesTests;
			productReference = 9949D6732948E4BC00907F64 /* RidesTests.xctest */;
			productType = "com.apple.product-type.bundle.unit-test";
		};
		9949D67C2948E4BC00907F64 /* RidesUITests */ = {
			isa = PBXNativeTarget;
			buildConfigurationList = 9949D68D2948E4BC00907F64 /* Build configuration list for PBXNativeTarget "RidesUITests" */;
			buildPhases = (
				9949D6792948E4BC00907F64 /* Sources */,
				9949D67A2948E4BC00907F64 /* Frameworks */,
				9949D67B2948E4BC00907F64 /* Resources */,
			);
			buildRules = (
			);
			dependencies = (
				9949D67F2948E4BC00907F64 /* PBXTargetDependency */,
			);
			name = RidesUITests;
			productName = RidesUITests;
			productReference = 9949D67D2948E4BC00907F64 /* RidesUITests.xctest */;
			productType = "com.apple.product-type.bundle.ui-testing";
		};
/* End PBXNativeTarget section */

/* Begin PBXProject section */
		9949D6552948E4B800907F64 /* Project object */ = {
			isa = PBXProject;
			attributes = {
				BuildIndependentTargetsInParallel = 1;
				LastSwiftUpdateCheck = 1320;
				LastUpgradeCheck = 1320;
				TargetAttributes = {
					9949D65C2948E4B800907F64 = {
						CreatedOnToolsVersion = 13.2.1;
					};
					9949D6722948E4BC00907F64 = {
						CreatedOnToolsVersion = 13.2.1;
						TestTargetID = 9949D65C2948E4B800907F64;
					};
					9949D67C2948E4BC00907F64 = {
						CreatedOnToolsVersion = 13.2.1;
						TestTargetID = 9949D65C2948E4B800907F64;
					};
				};
			};
			buildConfigurationList = 9949D6582948E4B800907F64 /* Build configuration list for PBXProject "Rides" */;
			compatibilityVersion = "Xcode 13.0";
			developmentRegion = en;
			hasScannedForEncodings = 0;
			knownRegions = (
				en,
				Base,
			);
			mainGroup = 9949D6542948E4B800907F64;
			productRefGroup = 9949D65E2948E4B800907F64 /* Products */;
			projectDirPath = "";
			projectRoot = "";
			targets = (
				9949D65C2948E4B800907F64 /* Rides */,
				9949D6722948E4BC00907F64 /* RidesTests */,
				9949D67C2948E4BC00907F64 /* RidesUITests */,
			);
		};
/* End PBXProject section */

/* Begin PBXResourcesBuildPhase section */
		9949D65B2948E4B800907F64 /* Resources */ = {
			isa = PBXResourcesBuildPhase;
			buildActionMask = 2147483647;
			files = (
				9949D66D2948E4BC00907F64 /* LaunchScreen.storyboard in Resources */,
				9949D66A2948E4BC00907F64 /* Assets.xcassets in Resources */,
				9949D6682948E4B800907F64 /* Main.storyboard in Resources */,
			);
			runOnlyForDeploymentPostprocessing = 0;
		};
		9949D6712948E4BC00907F64 /* Resources */ = {
			isa = PBXResourcesBuildPhase;
			buildActionMask = 2147483647;
			files = (
			);
			runOnlyForDeploymentPostprocessing = 0;
		};
		9949D67B2948E4BC00907F64 /* Resources */ = {
			isa = PBXResourcesBuildPhase;
			buildActionMask = 2147483647;
			files = (
			);
			runOnlyForDeploymentPostprocessing = 0;
		};
/* End PBXResourcesBuildPhase section */

/* Begin PBXSourcesBuildPhase section */
		9949D6592948E4B800907F64 /* Sources */ = {
			isa = PBXSourcesBuildPhase;
			buildActionMask = 2147483647;
			files = (
				990E0B98294994800079235B /* Vehicle.swift in Sources */,
				990E0B962949945D0079235B /* VehicleViewModel.swift in Sources */,
				99251520294FFF54000497F2 /* Validation.swift in Sources */,
				99B16927294F682D004949C2 /* VehicleDetailsCollectionViewCell.swift in Sources */,
				990E0B91294994210079235B /* VehicleListViewController.swift in Sources */,
				9949D6612948E4B800907F64 /* AppDelegate.swift in Sources */,
				990E0B93294994370079235B /* VehicleDetailsViewController.swift in Sources */,
				99A33B23294A1BE100BC8C2A /* Color.swift in Sources */,
				99B16929294F684C004949C2 /* VehicleCarbonEmissionCollectionViewCell.swift in Sources */,
				9949D6632948E4B800907F64 /* SceneDelegate.swift in Sources */,
				990E0B9B294995230079235B /* VehicleListTableViewCell.swift in Sources */,
			);
			runOnlyForDeploymentPostprocessing = 0;
		};
		9949D66F2948E4BC00907F64 /* Sources */ = {
			isa = PBXSourcesBuildPhase;
			buildActionMask = 2147483647;
			files = (
				9949D6782948E4BC00907F64 /* RidesTests.swift in Sources */,
			);
			runOnlyForDeploymentPostprocessing = 0;
		};
		9949D6792948E4BC00907F64 /* Sources */ = {
			isa = PBXSourcesBuildPhase;
			buildActionMask = 2147483647;
			files = (
				9949D6842948E4BC00907F64 /* RidesUITestsLaunchTests.swift in Sources */,
				9949D6822948E4BC00907F64 /* RidesUITests.swift in Sources */,
			);
			runOnlyForDeploymentPostprocessing = 0;
		};
/* End PBXSourcesBuildPhase section */

/* Begin PBXTargetDependency section */
		9949D6752948E4BC00907F64 /* PBXTargetDependency */ = {
			isa = PBXTargetDependency;
			target = 9949D65C2948E4B800907F64 /* Rides */;
			targetProxy = 9949D6742948E4BC00907F64 /* PBXContainerItemProxy */;
		};
		9949D67F2948E4BC00907F64 /* PBXTargetDependency */ = {
			isa = PBXTargetDependency;
			target = 9949D65C2948E4B800907F64 /* Rides */;
			targetProxy = 9949D67E2948E4BC00907F64 /* PBXContainerItemProxy */;
		};
/* End PBXTargetDependency section */

/* Begin PBXVariantGroup section */
		9949D6662948E4B800907F64 /* Main.storyboard */ = {
			isa = PBXVariantGroup;
			children = (
				9949D6672948E4B800907F64 /* Base */,
			);
			name = Main.storyboard;
			sourceTree = "<group>";
		};
		9949D66B2948E4BC00907F64 /* LaunchScreen.storyboard */ = {
			isa = PBXVariantGroup;
			children = (
				9949D66C2948E4BC00907F64 /* Base */,
			);
			name = LaunchScreen.storyboard;
			sourceTree = "<group>";
		};
/* End PBXVariantGroup section */

/* Begin XCBuildConfiguration section */
		9949D6852948E4BC00907F64 /* Debug */ = {
			isa = XCBuildConfiguration;
			buildSettings = {
				ALWAYS_SEARCH_USER_PATHS = NO;
				CLANG_ANALYZER_NONNULL = YES;
				CLANG_ANALYZER_NUMBER_OBJECT_CONVERSION = YES_AGGRESSIVE;
				CLANG_CXX_LANGUAGE_STANDARD = "gnu++17";
				CLANG_CXX_LIBRARY = "libc++";
				CLANG_ENABLE_MODULES = YES;
				CLANG_ENABLE_OBJC_ARC = YES;
				CLANG_ENABLE_OBJC_WEAK = YES;
				CLANG_WARN_BLOCK_CAPTURE_AUTORELEASING = YES;
				CLANG_WARN_BOOL_CONVERSION = YES;
				CLANG_WARN_COMMA = YES;
				CLANG_WARN_CONSTANT_CONVERSION = YES;
				CLANG_WARN_DEPRECATED_OBJC_IMPLEMENTATIONS = YES;
				CLANG_WARN_DIRECT_OBJC_ISA_USAGE = YES_ERROR;
				CLANG_WARN_DOCUMENTATION_COMMENTS = YES;
				CLANG_WARN_EMPTY_BODY = YES;
				CLANG_WARN_ENUM_CONVERSION = YES;
				CLANG_WARN_INFINITE_RECURSION = YES;
				CLANG_WARN_INT_CONVERSION = YES;
				CLANG_WARN_NON_LITERAL_NULL_CONVERSION = YES;
				CLANG_WARN_OBJC_IMPLICIT_RETAIN_SELF = YES;
				CLANG_WARN_OBJC_LITERAL_CONVERSION = YES;
				CLANG_WARN_OBJC_ROOT_CLASS = YES_ERROR;
				CLANG_WARN_QUOTED_INCLUDE_IN_FRAMEWORK_HEADER = YES;
				CLANG_WARN_RANGE_LOOP_ANALYSIS = YES;
				CLANG_WARN_STRICT_PROTOTYPES = YES;
				CLANG_WARN_SUSPICIOUS_MOVE = YES;
				CLANG_WARN_UNGUARDED_AVAILABILITY = YES_AGGRESSIVE;
				CLANG_WARN_UNREACHABLE_CODE = YES;
				CLANG_WARN__DUPLICATE_METHOD_MATCH = YES;
				COPY_PHASE_STRIP = NO;
				DEBUG_INFORMATION_FORMAT = dwarf;
				ENABLE_STRICT_OBJC_MSGSEND = YES;
				ENABLE_TESTABILITY = YES;
				GCC_C_LANGUAGE_STANDARD = gnu11;
				GCC_DYNAMIC_NO_PIC = NO;
				GCC_NO_COMMON_BLOCKS = YES;
				GCC_OPTIMIZATION_LEVEL = 0;
				GCC_PREPROCESSOR_DEFINITIONS = (
					"DEBUG=1",
					"$(inherited)",
				);
				GCC_WARN_64_TO_32_BIT_CONVERSION = YES;
				GCC_WARN_ABOUT_RETURN_TYPE = YES_ERROR;
				GCC_WARN_UNDECLARED_SELECTOR = YES;
				GCC_WARN_UNINITIALIZED_AUTOS = YES_AGGRESSIVE;
				GCC_WARN_UNUSED_FUNCTION = YES;
				GCC_WARN_UNUSED_VARIABLE = YES;
				IPHONEOS_DEPLOYMENT_TARGET = 15.2;
				MTL_ENABLE_DEBUG_INFO = INCLUDE_SOURCE;
				MTL_FAST_MATH = YES;
				ONLY_ACTIVE_ARCH = YES;
				SDKROOT = iphoneos;
				SWIFT_ACTIVE_COMPILATION_CONDITIONS = DEBUG;
				SWIFT_OPTIMIZATION_LEVEL = "-Onone";
			};
			name = Debug;
		};
		9949D6862948E4BC00907F64 /* Release */ = {
			isa = XCBuildConfiguration;
			buildSettings = {
				ALWAYS_SEARCH_USER_PATHS = NO;
				CLANG_ANALYZER_NONNULL = YES;
				CLANG_ANALYZER_NUMBER_OBJECT_CONVERSION = YES_AGGRESSIVE;
				CLANG_CXX_LANGUAGE_STANDARD = "gnu++17";
				CLANG_CXX_LIBRARY = "libc++";
				CLANG_ENABLE_MODULES = YES;
				CLANG_ENABLE_OBJC_ARC = YES;
				CLANG_ENABLE_OBJC_WEAK = YES;
				CLANG_WARN_BLOCK_CAPTURE_AUTORELEASING = YES;
				CLANG_WARN_BOOL_CONVERSION = YES;
				CLANG_WARN_COMMA = YES;
				CLANG_WARN_CONSTANT_CONVERSION = YES;
				CLANG_WARN_DEPRECATED_OBJC_IMPLEMENTATIONS = YES;
				CLANG_WARN_DIRECT_OBJC_ISA_USAGE = YES_ERROR;
				CLANG_WARN_DOCUMENTATION_COMMENTS = YES;
				CLANG_WARN_EMPTY_BODY = YES;
				CLANG_WARN_ENUM_CONVERSION = YES;
				CLANG_WARN_INFINITE_RECURSION = YES;
				CLANG_WARN_INT_CONVERSION = YES;
				CLANG_WARN_NON_LITERAL_NULL_CONVERSION = YES;
				CLANG_WARN_OBJC_IMPLICIT_RETAIN_SELF = YES;
				CLANG_WARN_OBJC_LITERAL_CONVERSION = YES;
				CLANG_WARN_OBJC_ROOT_CLASS = YES_ERROR;
				CLANG_WARN_QUOTED_INCLUDE_IN_FRAMEWORK_HEADER = YES;
				CLANG_WARN_RANGE_LOOP_ANALYSIS = YES;
				CLANG_WARN_STRICT_PROTOTYPES = YES;
				CLANG_WARN_SUSPICIOUS_MOVE = YES;
				CLANG_WARN_UNGUARDED_AVAILABILITY = YES_AGGRESSIVE;
				CLANG_WARN_UNREACHABLE_CODE = YES;
				CLANG_WARN__DUPLICATE_METHOD_MATCH = YES;
				COPY_PHASE_STRIP = NO;
				DEBUG_INFORMATION_FORMAT = "dwarf-with-dsym";
				ENABLE_NS_ASSERTIONS = NO;
				ENABLE_STRICT_OBJC_MSGSEND = YES;
				GCC_C_LANGUAGE_STANDARD = gnu11;
				GCC_NO_COMMON_BLOCKS = YES;
				GCC_WARN_64_TO_32_BIT_CONVERSION = YES;
				GCC_WARN_ABOUT_RETURN_TYPE = YES_ERROR;
				GCC_WARN_UNDECLARED_SELECTOR = YES;
				GCC_WARN_UNINITIALIZED_AUTOS = YES_AGGRESSIVE;
				GCC_WARN_UNUSED_FUNCTION = YES;
				GCC_WARN_UNUSED_VARIABLE = YES;
				IPHONEOS_DEPLOYMENT_TARGET = 15.2;
				MTL_ENABLE_DEBUG_INFO = NO;
				MTL_FAST_MATH = YES;
				SDKROOT = iphoneos;
				SWIFT_COMPILATION_MODE = wholemodule;
				SWIFT_OPTIMIZATION_LEVEL = "-O";
				VALIDATE_PRODUCT = YES;
			};
			name = Release;
		};
		9949D6882948E4BC00907F64 /* Debug */ = {
			isa = XCBuildConfiguration;
			buildSettings = {
				ASSETCATALOG_COMPILER_APPICON_NAME = AppIcon;
				ASSETCATALOG_COMPILER_GLOBAL_ACCENT_COLOR_NAME = AccentColor;
				CODE_SIGN_STYLE = Automatic;
				CURRENT_PROJECT_VERSION = 1;
				GENERATE_INFOPLIST_FILE = YES;
				INFOPLIST_FILE = Rides/Info.plist;
				INFOPLIST_KEY_UIApplicationSupportsIndirectInputEvents = YES;
				INFOPLIST_KEY_UILaunchStoryboardName = LaunchScreen;
				INFOPLIST_KEY_UIMainStoryboardFile = Main;
				INFOPLIST_KEY_UISupportedInterfaceOrientations_iPad = "UIInterfaceOrientationPortrait UIInterfaceOrientationPortraitUpsideDown UIInterfaceOrientationLandscapeLeft UIInterfaceOrientationLandscapeRight";
				INFOPLIST_KEY_UISupportedInterfaceOrientations_iPhone = "UIInterfaceOrientationPortrait UIInterfaceOrientationLandscapeLeft UIInterfaceOrientationLandscapeRight";
				LD_RUNPATH_SEARCH_PATHS = (
					"$(inherited)",
					"@executable_path/Frameworks",
				);
				MARKETING_VERSION = 1.0;
				PRODUCT_BUNDLE_IDENTIFIER = com.jkaushal.Rides;
				PRODUCT_NAME = "$(TARGET_NAME)";
				SWIFT_EMIT_LOC_STRINGS = YES;
				SWIFT_VERSION = 5.0;
				TARGETED_DEVICE_FAMILY = "1,2";
			};
			name = Debug;
		};
		9949D6892948E4BC00907F64 /* Release */ = {
			isa = XCBuildConfiguration;
			buildSettings = {
				ASSETCATALOG_COMPILER_APPICON_NAME = AppIcon;
				ASSETCATALOG_COMPILER_GLOBAL_ACCENT_COLOR_NAME = AccentColor;
				CODE_SIGN_STYLE = Automatic;
				CURRENT_PROJECT_VERSION = 1;
				GENERATE_INFOPLIST_FILE = YES;
				INFOPLIST_FILE = Rides/Info.plist;
				INFOPLIST_KEY_UIApplicationSupportsIndirectInputEvents = YES;
				INFOPLIST_KEY_UILaunchStoryboardName = LaunchScreen;
				INFOPLIST_KEY_UIMainStoryboardFile = Main;
				INFOPLIST_KEY_UISupportedInterfaceOrientations_iPad = "UIInterfaceOrientationPortrait UIInterfaceOrientationPortraitUpsideDown UIInterfaceOrientationLandscapeLeft UIInterfaceOrientationLandscapeRight";
				INFOPLIST_KEY_UISupportedInterfaceOrientations_iPhone = "UIInterfaceOrientationPortrait UIInterfaceOrientationLandscapeLeft UIInterfaceOrientationLandscapeRight";
				LD_RUNPATH_SEARCH_PATHS = (
					"$(inherited)",
					"@executable_path/Frameworks",
				);
				MARKETING_VERSION = 1.0;
				PRODUCT_BUNDLE_IDENTIFIER = com.jkaushal.Rides;
				PRODUCT_NAME = "$(TARGET_NAME)";
				SWIFT_EMIT_LOC_STRINGS = YES;
				SWIFT_VERSION = 5.0;
				TARGETED_DEVICE_FAMILY = "1,2";
			};
			name = Release;
		};
		9949D68B2948E4BC00907F64 /* Debug */ = {
			isa = XCBuildConfiguration;
			buildSettings = {
				ALWAYS_EMBED_SWIFT_STANDARD_LIBRARIES = YES;
				BUNDLE_LOADER = "$(TEST_HOST)";
				CODE_SIGN_STYLE = Automatic;
				CURRENT_PROJECT_VERSION = 1;
				GENERATE_INFOPLIST_FILE = YES;
				IPHONEOS_DEPLOYMENT_TARGET = 15.2;
				MARKETING_VERSION = 1.0;
				PRODUCT_BUNDLE_IDENTIFIER = com.jkaushal.RidesTests;
				PRODUCT_NAME = "$(TARGET_NAME)";
				SWIFT_EMIT_LOC_STRINGS = NO;
				SWIFT_VERSION = 5.0;
				TARGETED_DEVICE_FAMILY = "1,2";
				TEST_HOST = "$(BUILT_PRODUCTS_DIR)/Rides.app/Rides";
			};
			name = Debug;
		};
		9949D68C2948E4BC00907F64 /* Release */ = {
			isa = XCBuildConfiguration;
			buildSettings = {
				ALWAYS_EMBED_SWIFT_STANDARD_LIBRARIES = YES;
				BUNDLE_LOADER = "$(TEST_HOST)";
				CODE_SIGN_STYLE = Automatic;
				CURRENT_PROJECT_VERSION = 1;
				GENERATE_INFOPLIST_FILE = YES;
				IPHONEOS_DEPLOYMENT_TARGET = 15.2;
				MARKETING_VERSION = 1.0;
				PRODUCT_BUNDLE_IDENTIFIER = com.jkaushal.RidesTests;
				PRODUCT_NAME = "$(TARGET_NAME)";
				SWIFT_EMIT_LOC_STRINGS = NO;
				SWIFT_VERSION = 5.0;
				TARGETED_DEVICE_FAMILY = "1,2";
				TEST_HOST = "$(BUILT_PRODUCTS_DIR)/Rides.app/Rides";
			};
			name = Release;
		};
		9949D68E2948E4BC00907F64 /* Debug */ = {
			isa = XCBuildConfiguration;
			buildSettings = {
				ALWAYS_EMBED_SWIFT_STANDARD_LIBRARIES = YES;
				CODE_SIGN_STYLE = Automatic;
				CURRENT_PROJECT_VERSION = 1;
				GENERATE_INFOPLIST_FILE = YES;
				MARKETING_VERSION = 1.0;
				PRODUCT_BUNDLE_IDENTIFIER = com.jkaushal.RidesUITests;
				PRODUCT_NAME = "$(TARGET_NAME)";
				SWIFT_EMIT_LOC_STRINGS = NO;
				SWIFT_VERSION = 5.0;
				TARGETED_DEVICE_FAMILY = "1,2";
				TEST_TARGET_NAME = Rides;
			};
			name = Debug;
		};
		9949D68F2948E4BC00907F64 /* Release */ = {
			isa = XCBuildConfiguration;
			buildSettings = {
				ALWAYS_EMBED_SWIFT_STANDARD_LIBRARIES = YES;
				CODE_SIGN_STYLE = Automatic;
				CURRENT_PROJECT_VERSION = 1;
				GENERATE_INFOPLIST_FILE = YES;
				MARKETING_VERSION = 1.0;
				PRODUCT_BUNDLE_IDENTIFIER = com.jkaushal.RidesUITests;
				PRODUCT_NAME = "$(TARGET_NAME)";
				SWIFT_EMIT_LOC_STRINGS = NO;
				SWIFT_VERSION = 5.0;
				TARGETED_DEVICE_FAMILY = "1,2";
				TEST_TARGET_NAME = Rides;
			};
			name = Release;
		};
/* End XCBuildConfiguration section */

/* Begin XCConfigurationList section */
		9949D6582948E4B800907F64 /* Build configuration list for PBXProject "Rides" */ = {
			isa = XCConfigurationList;
			buildConfigurations = (
				9949D6852948E4BC00907F64 /* Debug */,
				9949D6862948E4BC00907F64 /* Release */,
			);
			defaultConfigurationIsVisible = 0;
			defaultConfigurationName = Release;
		};
		9949D6872948E4BC00907F64 /* Build configuration list for PBXNativeTarget "Rides" */ = {
			isa = XCConfigurationList;
			buildConfigurations = (
				9949D6882948E4BC00907F64 /* Debug */,
				9949D6892948E4BC00907F64 /* Release */,
			);
			defaultConfigurationIsVisible = 0;
			defaultConfigurationName = Release;
		};
		9949D68A2948E4BC00907F64 /* Build configuration list for PBXNativeTarget "RidesTests" */ = {
			isa = XCConfigurationList;
			buildConfigurations = (
				9949D68B2948E4BC00907F64 /* Debug */,
				9949D68C2948E4BC00907F64 /* Release */,
			);
			defaultConfigurationIsVisible = 0;
			defaultConfigurationName = Release;
		};
		9949D68D2948E4BC00907F64 /* Build configuration list for PBXNativeTarget "RidesUITests" */ = {
			isa = XCConfigurationList;
			buildConfigurations = (
				9949D68E2948E4BC00907F64 /* Debug */,
				9949D68F2948E4BC00907F64 /* Release */,
			);
			defaultConfigurationIsVisible = 0;
			defaultConfigurationName = Release;
		};
/* End XCConfigurationList section */
	};
	rootObject = 9949D6552948E4B800907F64 /* Project object */;
}
